// !$*UTF8*$!
{
	archiveVersion = 1;
	classes = {
	};
	objectVersion = 50;
	objects = {

/* Begin PBXBuildFile section */
		11025D1622C8D28400E143AE /* ViewController+UIImagePickerControllerDelegate.swift in Sources */ = {isa = PBXBuildFile; fileRef = 11025D1522C8D28400E143AE /* ViewController+UIImagePickerControllerDelegate.swift */; };
		11025D1822C8D53C00E143AE /* ViewController+UINavigationControllerDelegate.swift in Sources */ = {isa = PBXBuildFile; fileRef = 11025D1722C8D53C00E143AE /* ViewController+UINavigationControllerDelegate.swift */; };
		11025D1E22C8DFAA00E143AE /* ViewController+MFMailComposeViewControllerDelegate.swift in Sources */ = {isa = PBXBuildFile; fileRef = 11025D1D22C8DFAA00E143AE /* ViewController+MFMailComposeViewControllerDelegate.swift */; };
		11025D2022C8F73800E143AE /* ViewController+MFMessageComposeViewControllerDelegate.swift in Sources */ = {isa = PBXBuildFile; fileRef = 11025D1F22C8F73800E143AE /* ViewController+MFMessageComposeViewControllerDelegate.swift */; };
		110394C422C7C3CB00AB5058 /* AppDelegate.swift in Sources */ = {isa = PBXBuildFile; fileRef = 110394C322C7C3CB00AB5058 /* AppDelegate.swift */; };
		110394C622C7C3CB00AB5058 /* ViewController.swift in Sources */ = {isa = PBXBuildFile; fileRef = 110394C522C7C3CB00AB5058 /* ViewController.swift */; };
		110394C922C7C3CB00AB5058 /* Main.storyboard in Resources */ = {isa = PBXBuildFile; fileRef = 110394C722C7C3CB00AB5058 /* Main.storyboard */; };
		110394CB22C7C3CC00AB5058 /* Assets.xcassets in Resources */ = {isa = PBXBuildFile; fileRef = 110394CA22C7C3CC00AB5058 /* Assets.xcassets */; };
		110394CE22C7C3CC00AB5058 /* LaunchScreen.storyboard in Resources */ = {isa = PBXBuildFile; fileRef = 110394CC22C7C3CC00AB5058 /* LaunchScreen.storyboard */; };
/* End PBXBuildFile section */

/* Begin PBXFileReference section */
		11025D1522C8D28400E143AE /* ViewController+UIImagePickerControllerDelegate.swift */ = {isa = PBXFileReference; lastKnownFileType = sourcecode.swift; path = "ViewController+UIImagePickerControllerDelegate.swift"; sourceTree = "<group>"; };
		11025D1722C8D53C00E143AE /* ViewController+UINavigationControllerDelegate.swift */ = {isa = PBXFileReference; lastKnownFileType = sourcecode.swift; path = "ViewController+UINavigationControllerDelegate.swift"; sourceTree = "<group>"; };
		11025D1D22C8DFAA00E143AE /* ViewController+MFMailComposeViewControllerDelegate.swift */ = {isa = PBXFileReference; lastKnownFileType = sourcecode.swift; path = "ViewController+MFMailComposeViewControllerDelegate.swift"; sourceTree = "<group>"; };
		11025D1F22C8F73800E143AE /* ViewController+MFMessageComposeViewControllerDelegate.swift */ = {isa = PBXFileReference; lastKnownFileType = sourcecode.swift; path = "ViewController+MFMessageComposeViewControllerDelegate.swift"; sourceTree = "<group>"; };
		110394C022C7C3CB00AB5058 /* SystemViewControllersExample.app */ = {isa = PBXFileReference; explicitFileType = wrapper.application; includeInIndex = 0; path = SystemViewControllersExample.app; sourceTree = BUILT_PRODUCTS_DIR; };
		110394C322C7C3CB00AB5058 /* AppDelegate.swift */ = {isa = PBXFileReference; lastKnownFileType = sourcecode.swift; path = AppDelegate.swift; sourceTree = "<group>"; };
		110394C522C7C3CB00AB5058 /* ViewController.swift */ = {isa = PBXFileReference; lastKnownFileType = sourcecode.swift; path = ViewController.swift; sourceTree = "<group>"; };
		110394C822C7C3CB00AB5058 /* Base */ = {isa = PBXFileReference; lastKnownFileType = file.storyboard; name = Base; path = Base.lproj/Main.storyboard; sourceTree = "<group>"; };
		110394CA22C7C3CC00AB5058 /* Assets.xcassets */ = {isa = PBXFileReference; lastKnownFileType = folder.assetcatalog; path = Assets.xcassets; sourceTree = "<group>"; };
		110394CD22C7C3CC00AB5058 /* Base */ = {isa = PBXFileReference; lastKnownFileType = file.storyboard; name = Base; path = Base.lproj/LaunchScreen.storyboard; sourceTree = "<group>"; };
		110394CF22C7C3CC00AB5058 /* Info.plist */ = {isa = PBXFileReference; lastKnownFileType = text.plist.xml; path = Info.plist; sourceTree = "<group>"; };
/* End PBXFileReference section */

/* Begin PBXFrameworksBuildPhase section */
		110394BD22C7C3CB00AB5058 /* Frameworks */ = {
			isa = PBXFrameworksBuildPhase;
			buildActionMask = 2147483647;
			files = (
			);
			runOnlyForDeploymentPostprocessing = 0;
		};
/* End PBXFrameworksBuildPhase section */

/* Begin PBXGroup section */
		11025D1922C8DE9300E143AE /* App */ = {
			isa = PBXGroup;
			children = (
				110394C322C7C3CB00AB5058 /* AppDelegate.swift */,
				110394CF22C7C3CC00AB5058 /* Info.plist */,
			);
			path = App;
			sourceTree = "<group>";
		};
		11025D1A22C8DEA800E143AE /* Controllers */ = {
			isa = PBXGroup;
			children = (
				110394C522C7C3CB00AB5058 /* ViewController.swift */,
				11025D1522C8D28400E143AE /* ViewController+UIImagePickerControllerDelegate.swift */,
				11025D1722C8D53C00E143AE /* ViewController+UINavigationControllerDelegate.swift */,
				11025D1D22C8DFAA00E143AE /* ViewController+MFMailComposeViewControllerDelegate.swift */,
				11025D1F22C8F73800E143AE /* ViewController+MFMessageComposeViewControllerDelegate.swift */,
			);
			path = Controllers;
			sourceTree = "<group>";
		};
		11025D1B22C8DECC00E143AE /* Storyboard */ = {
			isa = PBXGroup;
			children = (
				110394C722C7C3CB00AB5058 /* Main.storyboard */,
				110394CC22C7C3CC00AB5058 /* LaunchScreen.storyboard */,
			);
			path = Storyboard;
			sourceTree = "<group>";
		};
		11025D1C22C8DEDD00E143AE /* Resources */ = {
			isa = PBXGroup;
			children = (
				110394CA22C7C3CC00AB5058 /* Assets.xcassets */,
			);
			path = Resources;
			sourceTree = "<group>";
		};
		110394B722C7C3CB00AB5058 = {
			isa = PBXGroup;
			children = (
				110394C222C7C3CB00AB5058 /* SystemViewControllersExample */,
				110394C122C7C3CB00AB5058 /* Products */,
			);
			sourceTree = "<group>";
		};
		110394C122C7C3CB00AB5058 /* Products */ = {
			isa = PBXGroup;
			children = (
				110394C022C7C3CB00AB5058 /* SystemViewControllersExample.app */,
			);
			name = Products;
			sourceTree = "<group>";
		};
		110394C222C7C3CB00AB5058 /* SystemViewControllersExample */ = {
			isa = PBXGroup;
			children = (
				11025D1922C8DE9300E143AE /* App */,
				11025D1A22C8DEA800E143AE /* Controllers */,
				11025D1B22C8DECC00E143AE /* Storyboard */,
				11025D1C22C8DEDD00E143AE /* Resources */,
			);
			path = SystemViewControllersExample;
			sourceTree = "<group>";
		};
/* End PBXGroup section */

/* Begin PBXNativeTarget section */
		110394BF22C7C3CB00AB5058 /* SystemViewControllersExample */ = {
			isa = PBXNativeTarget;
			buildConfigurationList = 110394D222C7C3CC00AB5058 /* Build configuration list for PBXNativeTarget "SystemViewControllersExample" */;
			buildPhases = (
				110394BC22C7C3CB00AB5058 /* Sources */,
				110394BD22C7C3CB00AB5058 /* Frameworks */,
				110394BE22C7C3CB00AB5058 /* Resources */,
			);
			buildRules = (
			);
			dependencies = (
			);
			name = SystemViewControllersExample;
			productName = SystemViewControllersExample;
			productReference = 110394C022C7C3CB00AB5058 /* SystemViewControllersExample.app */;
			productType = "com.apple.product-type.application";
		};
/* End PBXNativeTarget section */

/* Begin PBXProject section */
		110394B822C7C3CB00AB5058 /* Project object */ = {
			isa = PBXProject;
			attributes = {
				LastSwiftUpdateCheck = 1020;
				LastUpgradeCheck = 1020;
				ORGANIZATIONNAME = "Alexander Shigin";
				TargetAttributes = {
					110394BF22C7C3CB00AB5058 = {
						CreatedOnToolsVersion = 10.2.1;
					};
				};
			};
			buildConfigurationList = 110394BB22C7C3CB00AB5058 /* Build configuration list for PBXProject "SystemViewControllersExample" */;
			compatibilityVersion = "Xcode 9.3";
			developmentRegion = en;
			hasScannedForEncodings = 0;
			knownRegions = (
				en,
				Base,
			);
			mainGroup = 110394B722C7C3CB00AB5058;
			productRefGroup = 110394C122C7C3CB00AB5058 /* Products */;
			projectDirPath = "";
			projectRoot = "";
			targets = (
				110394BF22C7C3CB00AB5058 /* SystemViewControllersExample */,
			);
		};
/* End PBXProject section */

/* Begin PBXResourcesBuildPhase section */
		110394BE22C7C3CB00AB5058 /* Resources */ = {
			isa = PBXResourcesBuildPhase;
			buildActionMask = 2147483647;
			files = (
				110394CE22C7C3CC00AB5058 /* LaunchScreen.storyboard in Resources */,
				110394CB22C7C3CC00AB5058 /* Assets.xcassets in Resources */,
				110394C922C7C3CB00AB5058 /* Main.storyboard in Resources */,
			);
			runOnlyForDeploymentPostprocessing = 0;
		};
/* End PBXResourcesBuildPhase section */

/* Begin PBXSourcesBuildPhase section */
		110394BC22C7C3CB00AB5058 /* Sources */ = {
			isa = PBXSourcesBuildPhase;
			buildActionMask = 2147483647;
			files = (
				110394C622C7C3CB00AB5058 /* ViewController.swift in Sources */,
				11025D1822C8D53C00E143AE /* ViewController+UINavigationControllerDelegate.swift in Sources */,
				11025D2022C8F73800E143AE /* ViewController+MFMessageComposeViewControllerDelegate.swift in Sources */,
				11025D1E22C8DFAA00E143AE /* ViewController+MFMailComposeViewControllerDelegate.swift in Sources */,
				11025D1622C8D28400E143AE /* ViewController+UIImagePickerControllerDelegate.swift in Sources */,
				110394C422C7C3CB00AB5058 /* AppDelegate.swift in Sources */,
			);
			runOnlyForDeploymentPostprocessing = 0;
		};
/* End PBXSourcesBuildPhase section */

/* Begin PBXVariantGroup section */
		110394C722C7C3CB00AB5058 /* Main.storyboard */ = {
			isa = PBXVariantGroup;
			children = (
				110394C822C7C3CB00AB5058 /* Base */,
			);
			name = Main.storyboard;
			sourceTree = "<group>";
		};
		110394CC22C7C3CC00AB5058 /* LaunchScreen.storyboard */ = {
			isa = PBXVariantGroup;
			children = (
				110394CD22C7C3CC00AB5058 /* Base */,
			);
			name = LaunchScreen.storyboard;
			sourceTree = "<group>";
		};
/* End PBXVariantGroup section */

/* Begin XCBuildConfiguration section */
		110394D022C7C3CC00AB5058 /* Debug */ = {
			isa = XCBuildConfiguration;
			buildSettings = {
				ALWAYS_SEARCH_USER_PATHS = NO;
				CLANG_ANALYZER_NONNULL = YES;
				CLANG_ANALYZER_NUMBER_OBJECT_CONVERSION = YES_AGGRESSIVE;
				CLANG_CXX_LANGUAGE_STANDARD = "gnu++14";
				CLANG_CXX_LIBRARY = "libc++";
				CLANG_ENABLE_MODULES = YES;
				CLANG_ENABLE_OBJC_ARC = YES;
				CLANG_ENABLE_OBJC_WEAK = YES;
				CLANG_WARN_BLOCK_CAPTURE_AUTORELEASING = YES;
				CLANG_WARN_BOOL_CONVERSION = YES;
				CLANG_WARN_COMMA = YES;
				CLANG_WARN_CONSTANT_CONVERSION = YES;
				CLANG_WARN_DEPRECATED_OBJC_IMPLEMENTATIONS = YES;
				CLANG_WARN_DIRECT_OBJC_ISA_USAGE = YES_ERROR;
				CLANG_WARN_DOCUMENTATION_COMMENTS = YES;
				CLANG_WARN_EMPTY_BODY = YES;
				CLANG_WARN_ENUM_CONVERSION = YES;
				CLANG_WARN_INFINITE_RECURSION = YES;
				CLANG_WARN_INT_CONVERSION = YES;
				CLANG_WARN_NON_LITERAL_NULL_CONVERSION = YES;
				CLANG_WARN_OBJC_IMPLICIT_RETAIN_SELF = YES;
				CLANG_WARN_OBJC_LITERAL_CONVERSION = YES;
				CLANG_WARN_OBJC_ROOT_CLASS = YES_ERROR;
				CLANG_WARN_RANGE_LOOP_ANALYSIS = YES;
				CLANG_WARN_STRICT_PROTOTYPES = YES;
				CLANG_WARN_SUSPICIOUS_MOVE = YES;
				CLANG_WARN_UNGUARDED_AVAILABILITY = YES_AGGRESSIVE;
				CLANG_WARN_UNREACHABLE_CODE = YES;
				CLANG_WARN__DUPLICATE_METHOD_MATCH = YES;
				CODE_SIGN_IDENTITY = "iPhone Developer";
				COPY_PHASE_STRIP = NO;
				DEBUG_INFORMATION_FORMAT = dwarf;
				ENABLE_STRICT_OBJC_MSGSEND = YES;
				ENABLE_TESTABILITY = YES;
				GCC_C_LANGUAGE_STANDARD = gnu11;
				GCC_DYNAMIC_NO_PIC = NO;
				GCC_NO_COMMON_BLOCKS = YES;
				GCC_OPTIMIZATION_LEVEL = 0;
				GCC_PREPROCESSOR_DEFINITIONS = (
					"DEBUG=1",
					"$(inherited)",
				);
				GCC_WARN_64_TO_32_BIT_CONVERSION = YES;
				GCC_WARN_ABOUT_RETURN_TYPE = YES_ERROR;
				GCC_WARN_UNDECLARED_SELECTOR = YES;
				GCC_WARN_UNINITIALIZED_AUTOS = YES_AGGRESSIVE;
				GCC_WARN_UNUSED_FUNCTION = YES;
				GCC_WARN_UNUSED_VARIABLE = YES;
				IPHONEOS_DEPLOYMENT_TARGET = 12.2;
				MTL_ENABLE_DEBUG_INFO = INCLUDE_SOURCE;
				MTL_FAST_MATH = YES;
				ONLY_ACTIVE_ARCH = YES;
				SDKROOT = iphoneos;
				SWIFT_ACTIVE_COMPILATION_CONDITIONS = DEBUG;
				SWIFT_OPTIMIZATION_LEVEL = "-Onone";
			};
			name = Debug;
		};
		110394D122C7C3CC00AB5058 /* Release */ = {
			isa = XCBuildConfiguration;
			buildSettings = {
				ALWAYS_SEARCH_USER_PATHS = NO;
				CLANG_ANALYZER_NONNULL = YES;
				CLANG_ANALYZER_NUMBER_OBJECT_CONVERSION = YES_AGGRESSIVE;
				CLANG_CXX_LANGUAGE_STANDARD = "gnu++14";
				CLANG_CXX_LIBRARY = "libc++";
				CLANG_ENABLE_MODULES = YES;
				CLANG_ENABLE_OBJC_ARC = YES;
				CLANG_ENABLE_OBJC_WEAK = YES;
				CLANG_WARN_BLOCK_CAPTURE_AUTORELEASING = YES;
				CLANG_WARN_BOOL_CONVERSION = YES;
				CLANG_WARN_COMMA = YES;
				CLANG_WARN_CONSTANT_CONVERSION = YES;
				CLANG_WARN_DEPRECATED_OBJC_IMPLEMENTATIONS = YES;
				CLANG_WARN_DIRECT_OBJC_ISA_USAGE = YES_ERROR;
				CLANG_WARN_DOCUMENTATION_COMMENTS = YES;
				CLANG_WARN_EMPTY_BODY = YES;
				CLANG_WARN_ENUM_CONVERSION = YES;
				CLANG_WARN_INFINITE_RECURSION = YES;
				CLANG_WARN_INT_CONVERSION = YES;
				CLANG_WARN_NON_LITERAL_NULL_CONVERSION = YES;
				CLANG_WARN_OBJC_IMPLICIT_RETAIN_SELF = YES;
				CLANG_WARN_OBJC_LITERAL_CONVERSION = YES;
				CLANG_WARN_OBJC_ROOT_CLASS = YES_ERROR;
				CLANG_WARN_RANGE_LOOP_ANALYSIS = YES;
				CLANG_WARN_STRICT_PROTOTYPES = YES;
				CLANG_WARN_SUSPICIOUS_MOVE = YES;
				CLANG_WARN_UNGUARDED_AVAILABILITY = YES_AGGRESSIVE;
				CLANG_WARN_UNREACHABLE_CODE = YES;
				CLANG_WARN__DUPLICATE_METHOD_MATCH = YES;
				CODE_SIGN_IDENTITY = "iPhone Developer";
				COPY_PHASE_STRIP = NO;
				DEBUG_INFORMATION_FORMAT = "dwarf-with-dsym";
				ENABLE_NS_ASSERTIONS = NO;
				ENABLE_STRICT_OBJC_MSGSEND = YES;
				GCC_C_LANGUAGE_STANDARD = gnu11;
				GCC_NO_COMMON_BLOCKS = YES;
				GCC_WARN_64_TO_32_BIT_CONVERSION = YES;
				GCC_WARN_ABOUT_RETURN_TYPE = YES_ERROR;
				GCC_WARN_UNDECLARED_SELECTOR = YES;
				GCC_WARN_UNINITIALIZED_AUTOS = YES_AGGRESSIVE;
				GCC_WARN_UNUSED_FUNCTION = YES;
				GCC_WARN_UNUSED_VARIABLE = YES;
				IPHONEOS_DEPLOYMENT_TARGET = 12.2;
				MTL_ENABLE_DEBUG_INFO = NO;
				MTL_FAST_MATH = YES;
				SDKROOT = iphoneos;
				SWIFT_COMPILATION_MODE = wholemodule;
				SWIFT_OPTIMIZATION_LEVEL = "-O";
				VALIDATE_PRODUCT = YES;
			};
			name = Release;
		};
		110394D322C7C3CC00AB5058 /* Debug */ = {
			isa = XCBuildConfiguration;
			buildSettings = {
				ASSETCATALOG_COMPILER_APPICON_NAME = AppIcon;
				CODE_SIGN_STYLE = Automatic;
				DEVELOPMENT_TEAM = FDWT9V7JHG;
				INFOPLIST_FILE = "$(SRCROOT)/SystemViewControllersExample/App/Info.plist";
				LD_RUNPATH_SEARCH_PATHS = (
					"$(inherited)",
					"@executable_path/Frameworks",
				);
				PRODUCT_BUNDLE_IDENTIFIER = com.home.shigin.alexander.SystemViewControllersExample;
				PRODUCT_NAME = "$(TARGET_NAME)";
				SWIFT_VERSION = 5.0;
				TARGETED_DEVICE_FAMILY = "1,2";
			};
			name = Debug;
		};
		110394D422C7C3CC00AB5058 /* Release */ = {
			isa = XCBuildConfiguration;
			buildSettings = {
				ASSETCATALOG_COMPILER_APPICON_NAME = AppIcon;
				CODE_SIGN_STYLE = Automatic;
				DEVELOPMENT_TEAM = FDWT9V7JHG;
				INFOPLIST_FILE = "$(SRCROOT)/SystemViewControllersExample/App/Info.plist";
				LD_RUNPATH_SEARCH_PATHS = (
					"$(inherited)",
					"@executable_path/Frameworks",
				);
				PRODUCT_BUNDLE_IDENTIFIER = com.home.shigin.alexander.SystemViewControllersExample;
				PRODUCT_NAME = "$(TARGET_NAME)";
				SWIFT_VERSION = 5.0;
				TARGETED_DEVICE_FAMILY = "1,2";
			};
			name = Release;
		};
/* End XCBuildConfiguration section */

/* Begin XCConfigurationList section */
		110394BB22C7C3CB00AB5058 /* Build configuration list for PBXProject "SystemViewControllersExample" */ = {
			isa = XCConfigurationList;
			buildConfigurations = (
				110394D022C7C3CC00AB5058 /* Debug */,
				110394D122C7C3CC00AB5058 /* Release */,
			);
			defaultConfigurationIsVisible = 0;
			defaultConfigurationName = Release;
		};
		110394D222C7C3CC00AB5058 /* Build configuration list for PBXNativeTarget "SystemViewControllersExample" */ = {
			isa = XCConfigurationList;
			buildConfigurations = (
				110394D322C7C3CC00AB5058 /* Debug */,
				110394D422C7C3CC00AB5058 /* Release */,
			);
			defaultConfigurationIsVisible = 0;
			defaultConfigurationName = Release;
		};
/* End XCConfigurationList section */
	};
	rootObject = 110394B822C7C3CB00AB5058 /* Project object */;
}
